
Microsoft Visual Studio Solution File, Format Version 12.00
Project("{FAE04EC0-301F-11D3-BF4B-00C04F79EFBC}") = "FinancialGoalsManager.Api", "FinancialGoalsManager.Api\FinancialGoalsManager.Api.csproj", "{3EEF8E89-F747-4F1B-B4B4-5E9443550F3C}"
EndProject
Project("{FAE04EC0-301F-11D3-BF4B-00C04F79EFBC}") = "FinancialGoalsManager.Application", "FinancialGoalsManager.Application\FinancialGoalsManager.Application.csproj", "{89D1E28B-B7F2-40F8-8364-87CFC1FC5BEC}"
EndProject
Project("{FAE04EC0-301F-11D3-BF4B-00C04F79EFBC}") = "FinancialGoalsManager.Domain", "FinancialGoalsManager.Domain\FinancialGoalsManager.Domain.csproj", "{EFFC3985-3EDE-454F-8FB6-3F27275AB2A0}"
EndProject
Project("{FAE04EC0-301F-11D3-BF4B-00C04F79EFBC}") = "FinancialGoalsManager.Infrastructure", "FinancialGoalsManager.Infrastructure\FinancialGoalsManager.Infrastructure.csproj", "{DDD7F097-F96B-4038-9B17-88767C94F55E}"
EndProject
Global
	GlobalSection(SolutionConfigurationPlatforms) = preSolution
		Debug|Any CPU = Debug|Any CPU
		Release|Any CPU = Release|Any CPU
	EndGlobalSection
	GlobalSection(ProjectConfigurationPlatforms) = postSolution
		{3EEF8E89-F747-4F1B-B4B4-5E9443550F3C}.Debug|Any CPU.ActiveCfg = Debug|Any CPU
		{3EEF8E89-F747-4F1B-B4B4-5E9443550F3C}.Debug|Any CPU.Build.0 = Debug|Any CPU
		{3EEF8E89-F747-4F1B-B4B4-5E9443550F3C}.Release|Any CPU.ActiveCfg = Release|Any CPU
		{3EEF8E89-F747-4F1B-B4B4-5E9443550F3C}.Release|Any CPU.Build.0 = Release|Any CPU
		{89D1E28B-B7F2-40F8-8364-87CFC1FC5BEC}.Debug|Any CPU.ActiveCfg = Debug|Any CPU
		{89D1E28B-B7F2-40F8-8364-87CFC1FC5BEC}.Debug|Any CPU.Build.0 = Debug|Any CPU
		{89D1E28B-B7F2-40F8-8364-87CFC1FC5BEC}.Release|Any CPU.ActiveCfg = Release|Any CPU
		{89D1E28B-B7F2-40F8-8364-87CFC1FC5BEC}.Release|Any CPU.Build.0 = Release|Any CPU
		{EFFC3985-3EDE-454F-8FB6-3F27275AB2A0}.Debug|Any CPU.ActiveCfg = Debug|Any CPU
		{EFFC3985-3EDE-454F-8FB6-3F27275AB2A0}.Debug|Any CPU.Build.0 = Debug|Any CPU
		{EFFC3985-3EDE-454F-8FB6-3F27275AB2A0}.Release|Any CPU.ActiveCfg = Release|Any CPU
		{EFFC3985-3EDE-454F-8FB6-3F27275AB2A0}.Release|Any CPU.Build.0 = Release|Any CPU
		{DDD7F097-F96B-4038-9B17-88767C94F55E}.Debug|Any CPU.ActiveCfg = Debug|Any CPU
		{DDD7F097-F96B-4038-9B17-88767C94F55E}.Debug|Any CPU.Build.0 = Debug|Any CPU
		{DDD7F097-F96B-4038-9B17-88767C94F55E}.Release|Any CPU.ActiveCfg = Release|Any CPU
		{DDD7F097-F96B-4038-9B17-88767C94F55E}.Release|Any CPU.Build.0 = Release|Any CPU
	EndGlobalSection
EndGlobal
